// !$*UTF8*$!
{
	archiveVersion = 1;
	classes = {
	};
	objectVersion = 46;
	objects = {

/* Begin PBXBuildFile section */
		189AD5C91E7519BE00088545 /* (null) in Sources */ = {isa = PBXBuildFile; };
		189AD5CB1E752C3100088545 /* (null) in Sources */ = {isa = PBXBuildFile; };
		34D07BBB1E74A96D00E1ABCF /* AppDelegate.swift in Sources */ = {isa = PBXBuildFile; fileRef = 34D07BBA1E74A96D00E1ABCF /* AppDelegate.swift */; };
		34D07BC01E74A96D00E1ABCF /* Main.storyboard in Resources */ = {isa = PBXBuildFile; fileRef = 34D07BBE1E74A96D00E1ABCF /* Main.storyboard */; };
		34D07BC21E74A96D00E1ABCF /* Assets.xcassets in Resources */ = {isa = PBXBuildFile; fileRef = 34D07BC11E74A96D00E1ABCF /* Assets.xcassets */; };
		34D07BC51E74A96D00E1ABCF /* LaunchScreen.storyboard in Resources */ = {isa = PBXBuildFile; fileRef = 34D07BC31E74A96D00E1ABCF /* LaunchScreen.storyboard */; };
		34D07BD01E74A96D00E1ABCF /* RipeTests.swift in Sources */ = {isa = PBXBuildFile; fileRef = 34D07BCF1E74A96D00E1ABCF /* RipeTests.swift */; };
		34D07BDB1E74A96D00E1ABCF /* RipeUITests.swift in Sources */ = {isa = PBXBuildFile; fileRef = 34D07BDA1E74A96D00E1ABCF /* RipeUITests.swift */; };
		34D07BE91E74AB0B00E1ABCF /* ProduceList.json in Resources */ = {isa = PBXBuildFile; fileRef = 34D07BE81E74AB0B00E1ABCF /* ProduceList.json */; };
		34D07BEA1E74AB0B00E1ABCF /* ProduceList.json in Resources */ = {isa = PBXBuildFile; fileRef = 34D07BE81E74AB0B00E1ABCF /* ProduceList.json */; };
		34D07BEC1E74AEF100E1ABCF /* LoginViewController.swift in Sources */ = {isa = PBXBuildFile; fileRef = 34D07BEB1E74AEF100E1ABCF /* LoginViewController.swift */; };
		34D07BEF1E74AF0900E1ABCF /* CartTableViewController.swift in Sources */ = {isa = PBXBuildFile; fileRef = 34D07BEE1E74AF0900E1ABCF /* CartTableViewController.swift */; };
		34D07BF01E74AF0900E1ABCF /* CartTableViewController.swift in Sources */ = {isa = PBXBuildFile; fileRef = 34D07BEE1E74AF0900E1ABCF /* CartTableViewController.swift */; };
		34D07BF21E74AF1E00E1ABCF /* ProductListCollectionViewController.swift in Sources */ = {isa = PBXBuildFile; fileRef = 34D07BF11E74AF1E00E1ABCF /* ProductListCollectionViewController.swift */; };
		34D07BF31E74AF1E00E1ABCF /* ProductListCollectionViewController.swift in Sources */ = {isa = PBXBuildFile; fileRef = 34D07BF11E74AF1E00E1ABCF /* ProductListCollectionViewController.swift */; };
		34D07BF51E74AF3700E1ABCF /* CheckoutViewController.swift in Sources */ = {isa = PBXBuildFile; fileRef = 34D07BF41E74AF3700E1ABCF /* CheckoutViewController.swift */; };
		34D07BF61E74AF3700E1ABCF /* CheckoutViewController.swift in Sources */ = {isa = PBXBuildFile; fileRef = 34D07BF41E74AF3700E1ABCF /* CheckoutViewController.swift */; };
		34D07BF81E74AF4800E1ABCF /* AddToCartViewController.swift in Sources */ = {isa = PBXBuildFile; fileRef = 34D07BF71E74AF4800E1ABCF /* AddToCartViewController.swift */; };
		34D07BF91E74AF4800E1ABCF /* AddToCartViewController.swift in Sources */ = {isa = PBXBuildFile; fileRef = 34D07BF71E74AF4800E1ABCF /* AddToCartViewController.swift */; };
		34D07BFB1E74B69400E1ABCF /* ProductListCollectionViewCell.swift in Sources */ = {isa = PBXBuildFile; fileRef = 34D07BFA1E74B69400E1ABCF /* ProductListCollectionViewCell.swift */; };
		34D07BFC1E74B69400E1ABCF /* ProductListCollectionViewCell.swift in Sources */ = {isa = PBXBuildFile; fileRef = 34D07BFA1E74B69400E1ABCF /* ProductListCollectionViewCell.swift */; };
		34D07BFE1E74B73E00E1ABCF /* CartTableViewCell.swift in Sources */ = {isa = PBXBuildFile; fileRef = 34D07BFD1E74B73E00E1ABCF /* CartTableViewCell.swift */; };
		34D07BFF1E74B73E00E1ABCF /* CartTableViewCell.swift in Sources */ = {isa = PBXBuildFile; fileRef = 34D07BFD1E74B73E00E1ABCF /* CartTableViewCell.swift */; };
		34D07C011E74C29E00E1ABCF /* Extensions.swift in Sources */ = {isa = PBXBuildFile; fileRef = 34D07C001E74C29E00E1ABCF /* Extensions.swift */; };
		34D07C111E75112D00E1ABCF /* Produce.swift in Sources */ = {isa = PBXBuildFile; fileRef = 34D07C101E75112D00E1ABCF /* Produce.swift */; };
		34D07C121E75112D00E1ABCF /* Produce.swift in Sources */ = {isa = PBXBuildFile; fileRef = 34D07C101E75112D00E1ABCF /* Produce.swift */; };
		3F46E653F4D7CCE162E1BA8D /* Pods_Ripe.framework in Frameworks */ = {isa = PBXBuildFile; fileRef = 4C3CAB3C527EA597AC6BFE61 /* Pods_Ripe.framework */; };
		414C9EB71E7547BE00F50FE8 /* ActionButton.swift in Sources */ = {isa = PBXBuildFile; fileRef = 414C9EB61E7547BE00F50FE8 /* ActionButton.swift */; };
		87619B98AE3A66DE76E098E3 /* Pods_RipeTests.framework in Frameworks */ = {isa = PBXBuildFile; fileRef = 1E136EFD9736442D63BDD394 /* Pods_RipeTests.framework */; };
		AA253846892A461D7323B720 /* Pods_RipeUITests.framework in Frameworks */ = {isa = PBXBuildFile; fileRef = 1C2645F9B3171B5D5C9606C4 /* Pods_RipeUITests.framework */; };
/* End PBXBuildFile section */

/* Begin PBXContainerItemProxy section */
		34D07BCC1E74A96D00E1ABCF /* PBXContainerItemProxy */ = {
			isa = PBXContainerItemProxy;
			containerPortal = 34D07BAF1E74A96C00E1ABCF /* Project object */;
			proxyType = 1;
			remoteGlobalIDString = 34D07BB61E74A96C00E1ABCF;
			remoteInfo = Ripe;
		};
		34D07BD71E74A96D00E1ABCF /* PBXContainerItemProxy */ = {
			isa = PBXContainerItemProxy;
			containerPortal = 34D07BAF1E74A96C00E1ABCF /* Project object */;
			proxyType = 1;
			remoteGlobalIDString = 34D07BB61E74A96C00E1ABCF;
			remoteInfo = Ripe;
		};
/* End PBXContainerItemProxy section */

/* Begin PBXFileReference section */
		1C2645F9B3171B5D5C9606C4 /* Pods_RipeUITests.framework */ = {isa = PBXFileReference; explicitFileType = wrapper.framework; includeInIndex = 0; path = Pods_RipeUITests.framework; sourceTree = BUILT_PRODUCTS_DIR; };
		1E136EFD9736442D63BDD394 /* Pods_RipeTests.framework */ = {isa = PBXFileReference; explicitFileType = wrapper.framework; includeInIndex = 0; path = Pods_RipeTests.framework; sourceTree = BUILT_PRODUCTS_DIR; };
		34D07BB71E74A96D00E1ABCF /* Ripe.app */ = {isa = PBXFileReference; explicitFileType = wrapper.application; includeInIndex = 0; path = Ripe.app; sourceTree = BUILT_PRODUCTS_DIR; };
		34D07BBA1E74A96D00E1ABCF /* AppDelegate.swift */ = {isa = PBXFileReference; lastKnownFileType = sourcecode.swift; path = AppDelegate.swift; sourceTree = "<group>"; };
		34D07BBF1E74A96D00E1ABCF /* Base */ = {isa = PBXFileReference; lastKnownFileType = file.storyboard; name = Base; path = Base.lproj/Main.storyboard; sourceTree = "<group>"; };
		34D07BC11E74A96D00E1ABCF /* Assets.xcassets */ = {isa = PBXFileReference; lastKnownFileType = folder.assetcatalog; path = Assets.xcassets; sourceTree = "<group>"; };
		34D07BC41E74A96D00E1ABCF /* Base */ = {isa = PBXFileReference; lastKnownFileType = file.storyboard; name = Base; path = Base.lproj/LaunchScreen.storyboard; sourceTree = "<group>"; };
		34D07BC61E74A96D00E1ABCF /* Info.plist */ = {isa = PBXFileReference; lastKnownFileType = text.plist.xml; path = Info.plist; sourceTree = "<group>"; };
		34D07BCB1E74A96D00E1ABCF /* RipeTests.xctest */ = {isa = PBXFileReference; explicitFileType = wrapper.cfbundle; includeInIndex = 0; path = RipeTests.xctest; sourceTree = BUILT_PRODUCTS_DIR; };
		34D07BCF1E74A96D00E1ABCF /* RipeTests.swift */ = {isa = PBXFileReference; lastKnownFileType = sourcecode.swift; path = RipeTests.swift; sourceTree = "<group>"; };
		34D07BD11E74A96D00E1ABCF /* Info.plist */ = {isa = PBXFileReference; lastKnownFileType = text.plist.xml; path = Info.plist; sourceTree = "<group>"; };
		34D07BD61E74A96D00E1ABCF /* RipeUITests.xctest */ = {isa = PBXFileReference; explicitFileType = wrapper.cfbundle; includeInIndex = 0; path = RipeUITests.xctest; sourceTree = BUILT_PRODUCTS_DIR; };
		34D07BDA1E74A96D00E1ABCF /* RipeUITests.swift */ = {isa = PBXFileReference; lastKnownFileType = sourcecode.swift; path = RipeUITests.swift; sourceTree = "<group>"; };
		34D07BDC1E74A96D00E1ABCF /* Info.plist */ = {isa = PBXFileReference; lastKnownFileType = text.plist.xml; path = Info.plist; sourceTree = "<group>"; };
		34D07BE81E74AB0B00E1ABCF /* ProduceList.json */ = {isa = PBXFileReference; fileEncoding = 4; lastKnownFileType = text.json; name = ProduceList.json; path = Ripe/ProduceList.json; sourceTree = "<group>"; };
		34D07BEB1E74AEF100E1ABCF /* LoginViewController.swift */ = {isa = PBXFileReference; fileEncoding = 4; lastKnownFileType = sourcecode.swift; path = LoginViewController.swift; sourceTree = "<group>"; };
		34D07BEE1E74AF0900E1ABCF /* CartTableViewController.swift */ = {isa = PBXFileReference; fileEncoding = 4; lastKnownFileType = sourcecode.swift; path = CartTableViewController.swift; sourceTree = "<group>"; };
		34D07BF11E74AF1E00E1ABCF /* ProductListCollectionViewController.swift */ = {isa = PBXFileReference; fileEncoding = 4; lastKnownFileType = sourcecode.swift; path = ProductListCollectionViewController.swift; sourceTree = "<group>"; };
		34D07BF41E74AF3700E1ABCF /* CheckoutViewController.swift */ = {isa = PBXFileReference; fileEncoding = 4; lastKnownFileType = sourcecode.swift; path = CheckoutViewController.swift; sourceTree = "<group>"; };
		34D07BF71E74AF4800E1ABCF /* AddToCartViewController.swift */ = {isa = PBXFileReference; fileEncoding = 4; lastKnownFileType = sourcecode.swift; path = AddToCartViewController.swift; sourceTree = "<group>"; };
		34D07BFA1E74B69400E1ABCF /* ProductListCollectionViewCell.swift */ = {isa = PBXFileReference; fileEncoding = 4; lastKnownFileType = sourcecode.swift; path = ProductListCollectionViewCell.swift; sourceTree = "<group>"; };
		34D07BFD1E74B73E00E1ABCF /* CartTableViewCell.swift */ = {isa = PBXFileReference; fileEncoding = 4; lastKnownFileType = sourcecode.swift; path = CartTableViewCell.swift; sourceTree = "<group>"; };
		34D07C001E74C29E00E1ABCF /* Extensions.swift */ = {isa = PBXFileReference; fileEncoding = 4; lastKnownFileType = sourcecode.swift; path = Extensions.swift; sourceTree = "<group>"; };
		34D07C101E75112D00E1ABCF /* Produce.swift */ = {isa = PBXFileReference; fileEncoding = 4; lastKnownFileType = sourcecode.swift; name = Produce.swift; path = Classes/Produce.swift; sourceTree = "<group>"; };
		414C9EB61E7547BE00F50FE8 /* ActionButton.swift */ = {isa = PBXFileReference; fileEncoding = 4; lastKnownFileType = sourcecode.swift; path = ActionButton.swift; sourceTree = "<group>"; };
		4C3CAB3C527EA597AC6BFE61 /* Pods_Ripe.framework */ = {isa = PBXFileReference; explicitFileType = wrapper.framework; includeInIndex = 0; path = Pods_Ripe.framework; sourceTree = BUILT_PRODUCTS_DIR; };
		5A1E854F3AA4CE9FAC42D99E /* Pods-RipeUITests.release.xcconfig */ = {isa = PBXFileReference; includeInIndex = 1; lastKnownFileType = text.xcconfig; name = "Pods-RipeUITests.release.xcconfig"; path = "Pods/Target Support Files/Pods-RipeUITests/Pods-RipeUITests.release.xcconfig"; sourceTree = "<group>"; };
		BE97179C335D3D83F28C6C02 /* Pods-Ripe.debug.xcconfig */ = {isa = PBXFileReference; includeInIndex = 1; lastKnownFileType = text.xcconfig; name = "Pods-Ripe.debug.xcconfig"; path = "Pods/Target Support Files/Pods-Ripe/Pods-Ripe.debug.xcconfig"; sourceTree = "<group>"; };
		E919298F54F163FD810F882B /* Pods-RipeTests.debug.xcconfig */ = {isa = PBXFileReference; includeInIndex = 1; lastKnownFileType = text.xcconfig; name = "Pods-RipeTests.debug.xcconfig"; path = "Pods/Target Support Files/Pods-RipeTests/Pods-RipeTests.debug.xcconfig"; sourceTree = "<group>"; };
		F17B05788D58ED09E8B4F691 /* Pods-RipeTests.release.xcconfig */ = {isa = PBXFileReference; includeInIndex = 1; lastKnownFileType = text.xcconfig; name = "Pods-RipeTests.release.xcconfig"; path = "Pods/Target Support Files/Pods-RipeTests/Pods-RipeTests.release.xcconfig"; sourceTree = "<group>"; };
		F5F368339A70123DD44A6752 /* Pods-RipeUITests.debug.xcconfig */ = {isa = PBXFileReference; includeInIndex = 1; lastKnownFileType = text.xcconfig; name = "Pods-RipeUITests.debug.xcconfig"; path = "Pods/Target Support Files/Pods-RipeUITests/Pods-RipeUITests.debug.xcconfig"; sourceTree = "<group>"; };
		FB3E70F2F9F8FBA6A7E0186E /* Pods-Ripe.release.xcconfig */ = {isa = PBXFileReference; includeInIndex = 1; lastKnownFileType = text.xcconfig; name = "Pods-Ripe.release.xcconfig"; path = "Pods/Target Support Files/Pods-Ripe/Pods-Ripe.release.xcconfig"; sourceTree = "<group>"; };
/* End PBXFileReference section */

/* Begin PBXFrameworksBuildPhase section */
		34D07BB41E74A96C00E1ABCF /* Frameworks */ = {
			isa = PBXFrameworksBuildPhase;
			buildActionMask = 2147483647;
			files = (
				3F46E653F4D7CCE162E1BA8D /* Pods_Ripe.framework in Frameworks */,
			);
			runOnlyForDeploymentPostprocessing = 0;
		};
		34D07BC81E74A96D00E1ABCF /* Frameworks */ = {
			isa = PBXFrameworksBuildPhase;
			buildActionMask = 2147483647;
			files = (
				87619B98AE3A66DE76E098E3 /* Pods_RipeTests.framework in Frameworks */,
			);
			runOnlyForDeploymentPostprocessing = 0;
		};
		34D07BD31E74A96D00E1ABCF /* Frameworks */ = {
			isa = PBXFrameworksBuildPhase;
			buildActionMask = 2147483647;
			files = (
				AA253846892A461D7323B720 /* Pods_RipeUITests.framework in Frameworks */,
			);
			runOnlyForDeploymentPostprocessing = 0;
		};
/* End PBXFrameworksBuildPhase section */

/* Begin PBXGroup section */
		1D6A56C7BC446F696DA7035E /* Pods */ = {
			isa = PBXGroup;
			children = (
				BE97179C335D3D83F28C6C02 /* Pods-Ripe.debug.xcconfig */,
				FB3E70F2F9F8FBA6A7E0186E /* Pods-Ripe.release.xcconfig */,
				E919298F54F163FD810F882B /* Pods-RipeTests.debug.xcconfig */,
				F17B05788D58ED09E8B4F691 /* Pods-RipeTests.release.xcconfig */,
				F5F368339A70123DD44A6752 /* Pods-RipeUITests.debug.xcconfig */,
				5A1E854F3AA4CE9FAC42D99E /* Pods-RipeUITests.release.xcconfig */,
			);
			name = Pods;
			sourceTree = "<group>";
		};
		34D07BAE1E74A96C00E1ABCF = {
			isa = PBXGroup;
			children = (
				34D07BE81E74AB0B00E1ABCF /* ProduceList.json */,
				34D07BB91E74A96D00E1ABCF /* Ripe */,
				34D07BCE1E74A96D00E1ABCF /* RipeTests */,
				34D07BD91E74A96D00E1ABCF /* RipeUITests */,
				34D07BB81E74A96D00E1ABCF /* Products */,
				1D6A56C7BC446F696DA7035E /* Pods */,
				BE3402898A310E682161F7D5 /* Frameworks */,
			);
			sourceTree = "<group>";
		};
		34D07BB81E74A96D00E1ABCF /* Products */ = {
			isa = PBXGroup;
			children = (
				34D07BB71E74A96D00E1ABCF /* Ripe.app */,
				34D07BCB1E74A96D00E1ABCF /* RipeTests.xctest */,
				34D07BD61E74A96D00E1ABCF /* RipeUITests.xctest */,
			);
			name = Products;
			sourceTree = "<group>";
		};
		34D07BB91E74A96D00E1ABCF /* Ripe */ = {
			isa = PBXGroup;
			children = (
				34D07BBA1E74A96D00E1ABCF /* AppDelegate.swift */,
				34D07BBE1E74A96D00E1ABCF /* Main.storyboard */,
				34D07BEB1E74AEF100E1ABCF /* LoginViewController.swift */,
				34D07C001E74C29E00E1ABCF /* Extensions.swift */,
				34D07BF11E74AF1E00E1ABCF /* ProductListCollectionViewController.swift */,
				34D07BFA1E74B69400E1ABCF /* ProductListCollectionViewCell.swift */,
				34D07BF71E74AF4800E1ABCF /* AddToCartViewController.swift */,
				34D07BF41E74AF3700E1ABCF /* CheckoutViewController.swift */,
				34D07BEE1E74AF0900E1ABCF /* CartTableViewController.swift */,
				34D07BFD1E74B73E00E1ABCF /* CartTableViewCell.swift */,
				34D07BC11E74A96D00E1ABCF /* Assets.xcassets */,
				34D07BC31E74A96D00E1ABCF /* LaunchScreen.storyboard */,
				34D07BC61E74A96D00E1ABCF /* Info.plist */,
				34D07C131E75113300E1ABCF /* Classes */,
				34D07C091E74EE5400E1ABCF /* Buttons */,
			);
			path = Ripe;
			sourceTree = "<group>";
		};
		34D07BCE1E74A96D00E1ABCF /* RipeTests */ = {
			isa = PBXGroup;
			children = (
				34D07BCF1E74A96D00E1ABCF /* RipeTests.swift */,
				34D07BD11E74A96D00E1ABCF /* Info.plist */,
			);
			path = RipeTests;
			sourceTree = "<group>";
		};
		34D07BD91E74A96D00E1ABCF /* RipeUITests */ = {
			isa = PBXGroup;
			children = (
				34D07BDA1E74A96D00E1ABCF /* RipeUITests.swift */,
				34D07BDC1E74A96D00E1ABCF /* Info.plist */,
			);
			path = RipeUITests;
			sourceTree = "<group>";
		};
		34D07C091E74EE5400E1ABCF /* Buttons */ = {
			isa = PBXGroup;
			children = (
				414C9EB61E7547BE00F50FE8 /* ActionButton.swift */,
			);
			name = Buttons;
			sourceTree = "<group>";
		};
		34D07C131E75113300E1ABCF /* Classes */ = {
			isa = PBXGroup;
			children = (
				34D07C101E75112D00E1ABCF /* Produce.swift */,
			);
			name = Classes;
			sourceTree = "<group>";
		};
		BE3402898A310E682161F7D5 /* Frameworks */ = {
			isa = PBXGroup;
			children = (
				4C3CAB3C527EA597AC6BFE61 /* Pods_Ripe.framework */,
				1E136EFD9736442D63BDD394 /* Pods_RipeTests.framework */,
				1C2645F9B3171B5D5C9606C4 /* Pods_RipeUITests.framework */,
			);
			name = Frameworks;
			sourceTree = "<group>";
		};
/* End PBXGroup section */

/* Begin PBXNativeTarget section */
		34D07BB61E74A96C00E1ABCF /* Ripe */ = {
			isa = PBXNativeTarget;
			buildConfigurationList = 34D07BDF1E74A96D00E1ABCF /* Build configuration list for PBXNativeTarget "Ripe" */;
			buildPhases = (
				5E99801D517B65A055C573D4 /* [CP] Check Pods Manifest.lock */,
				34D07BB31E74A96C00E1ABCF /* Sources */,
				34D07BB41E74A96C00E1ABCF /* Frameworks */,
				34D07BB51E74A96C00E1ABCF /* Resources */,
				0E5D138807E207B0110B92FA /* [CP] Embed Pods Frameworks */,
				5EA3DB185689F2E1FE884E98 /* [CP] Copy Pods Resources */,
			);
			buildRules = (
			);
			dependencies = (
			);
			name = Ripe;
			productName = Ripe;
			productReference = 34D07BB71E74A96D00E1ABCF /* Ripe.app */;
			productType = "com.apple.product-type.application";
		};
		34D07BCA1E74A96D00E1ABCF /* RipeTests */ = {
			isa = PBXNativeTarget;
			buildConfigurationList = 34D07BE21E74A96D00E1ABCF /* Build configuration list for PBXNativeTarget "RipeTests" */;
			buildPhases = (
				F1F4435920704BB206066CC9 /* [CP] Check Pods Manifest.lock */,
				34D07BC71E74A96D00E1ABCF /* Sources */,
				34D07BC81E74A96D00E1ABCF /* Frameworks */,
				34D07BC91E74A96D00E1ABCF /* Resources */,
				8D976E1404FB09F3A58CA6A4 /* [CP] Embed Pods Frameworks */,
				EE59F60DE48C63A82477ADD8 /* [CP] Copy Pods Resources */,
			);
			buildRules = (
			);
			dependencies = (
				34D07BCD1E74A96D00E1ABCF /* PBXTargetDependency */,
			);
			name = RipeTests;
			productName = RipeTests;
			productReference = 34D07BCB1E74A96D00E1ABCF /* RipeTests.xctest */;
			productType = "com.apple.product-type.bundle.unit-test";
		};
		34D07BD51E74A96D00E1ABCF /* RipeUITests */ = {
			isa = PBXNativeTarget;
			buildConfigurationList = 34D07BE51E74A96D00E1ABCF /* Build configuration list for PBXNativeTarget "RipeUITests" */;
			buildPhases = (
				A0518086AEF17382451AFAE3 /* [CP] Check Pods Manifest.lock */,
				34D07BD21E74A96D00E1ABCF /* Sources */,
				34D07BD31E74A96D00E1ABCF /* Frameworks */,
				34D07BD41E74A96D00E1ABCF /* Resources */,
				E3097A9E6062AB6D4CEAB33D /* [CP] Embed Pods Frameworks */,
				388FCA4C72B0DAA52A95E962 /* [CP] Copy Pods Resources */,
			);
			buildRules = (
			);
			dependencies = (
				34D07BD81E74A96D00E1ABCF /* PBXTargetDependency */,
			);
			name = RipeUITests;
			productName = RipeUITests;
			productReference = 34D07BD61E74A96D00E1ABCF /* RipeUITests.xctest */;
			productType = "com.apple.product-type.bundle.ui-testing";
		};
/* End PBXNativeTarget section */

/* Begin PBXProject section */
		34D07BAF1E74A96C00E1ABCF /* Project object */ = {
			isa = PBXProject;
			attributes = {
				LastSwiftUpdateCheck = 0820;
				LastUpgradeCheck = 0820;
				ORGANIZATIONNAME = "Matthew Paletta";
				TargetAttributes = {
					34D07BB61E74A96C00E1ABCF = {
						CreatedOnToolsVersion = 8.2.1;
						DevelopmentTeam = GH7595L99J;
						ProvisioningStyle = Automatic;
					};
					34D07BCA1E74A96D00E1ABCF = {
						CreatedOnToolsVersion = 8.2.1;
						DevelopmentTeam = 4626H9HMFC;
						ProvisioningStyle = Automatic;
						TestTargetID = 34D07BB61E74A96C00E1ABCF;
					};
					34D07BD51E74A96D00E1ABCF = {
						CreatedOnToolsVersion = 8.2.1;
						DevelopmentTeam = 4626H9HMFC;
						ProvisioningStyle = Automatic;
						TestTargetID = 34D07BB61E74A96C00E1ABCF;
					};
				};
			};
			buildConfigurationList = 34D07BB21E74A96C00E1ABCF /* Build configuration list for PBXProject "Ripe" */;
			compatibilityVersion = "Xcode 3.2";
			developmentRegion = English;
			hasScannedForEncodings = 0;
			knownRegions = (
				en,
				Base,
			);
			mainGroup = 34D07BAE1E74A96C00E1ABCF;
			productRefGroup = 34D07BB81E74A96D00E1ABCF /* Products */;
			projectDirPath = "";
			projectRoot = "";
			targets = (
				34D07BB61E74A96C00E1ABCF /* Ripe */,
				34D07BCA1E74A96D00E1ABCF /* RipeTests */,
				34D07BD51E74A96D00E1ABCF /* RipeUITests */,
			);
		};
/* End PBXProject section */

/* Begin PBXResourcesBuildPhase section */
		34D07BB51E74A96C00E1ABCF /* Resources */ = {
			isa = PBXResourcesBuildPhase;
			buildActionMask = 2147483647;
			files = (
				34D07BE91E74AB0B00E1ABCF /* ProduceList.json in Resources */,
				34D07BC51E74A96D00E1ABCF /* LaunchScreen.storyboard in Resources */,
				34D07BC21E74A96D00E1ABCF /* Assets.xcassets in Resources */,
				34D07BC01E74A96D00E1ABCF /* Main.storyboard in Resources */,
			);
			runOnlyForDeploymentPostprocessing = 0;
		};
		34D07BC91E74A96D00E1ABCF /* Resources */ = {
			isa = PBXResourcesBuildPhase;
			buildActionMask = 2147483647;
			files = (
				34D07BEA1E74AB0B00E1ABCF /* ProduceList.json in Resources */,
			);
			runOnlyForDeploymentPostprocessing = 0;
		};
		34D07BD41E74A96D00E1ABCF /* Resources */ = {
			isa = PBXResourcesBuildPhase;
			buildActionMask = 2147483647;
			files = (
			);
			runOnlyForDeploymentPostprocessing = 0;
		};
/* End PBXResourcesBuildPhase section */

/* Begin PBXShellScriptBuildPhase section */
		0E5D138807E207B0110B92FA /* [CP] Embed Pods Frameworks */ = {
			isa = PBXShellScriptBuildPhase;
			buildActionMask = 2147483647;
			files = (
			);
			inputPaths = (
			);
			name = "[CP] Embed Pods Frameworks";
			outputPaths = (
			);
			runOnlyForDeploymentPostprocessing = 0;
			shellPath = /bin/sh;
			shellScript = "\"${SRCROOT}/Pods/Target Support Files/Pods-Ripe/Pods-Ripe-frameworks.sh\"\n";
			showEnvVarsInLog = 0;
		};
		388FCA4C72B0DAA52A95E962 /* [CP] Copy Pods Resources */ = {
			isa = PBXShellScriptBuildPhase;
			buildActionMask = 2147483647;
			files = (
			);
			inputPaths = (
			);
			name = "[CP] Copy Pods Resources";
			outputPaths = (
			);
			runOnlyForDeploymentPostprocessing = 0;
			shellPath = /bin/sh;
			shellScript = "\"${SRCROOT}/Pods/Target Support Files/Pods-RipeUITests/Pods-RipeUITests-resources.sh\"\n";
			showEnvVarsInLog = 0;
		};
		5E99801D517B65A055C573D4 /* [CP] Check Pods Manifest.lock */ = {
			isa = PBXShellScriptBuildPhase;
			buildActionMask = 2147483647;
			files = (
			);
			inputPaths = (
			);
			name = "[CP] Check Pods Manifest.lock";
			outputPaths = (
			);
			runOnlyForDeploymentPostprocessing = 0;
			shellPath = /bin/sh;
			shellScript = "diff \"${PODS_ROOT}/../Podfile.lock\" \"${PODS_ROOT}/Manifest.lock\" > /dev/null\nif [ $? != 0 ] ; then\n    # print error to STDERR\n    echo \"error: The sandbox is not in sync with the Podfile.lock. Run 'pod install' or update your CocoaPods installation.\" >&2\n    exit 1\nfi\n";
			showEnvVarsInLog = 0;
		};
		5EA3DB185689F2E1FE884E98 /* [CP] Copy Pods Resources */ = {
			isa = PBXShellScriptBuildPhase;
			buildActionMask = 2147483647;
			files = (
			);
			inputPaths = (
			);
			name = "[CP] Copy Pods Resources";
			outputPaths = (
			);
			runOnlyForDeploymentPostprocessing = 0;
			shellPath = /bin/sh;
			shellScript = "\"${SRCROOT}/Pods/Target Support Files/Pods-Ripe/Pods-Ripe-resources.sh\"\n";
			showEnvVarsInLog = 0;
		};
		8D976E1404FB09F3A58CA6A4 /* [CP] Embed Pods Frameworks */ = {
			isa = PBXShellScriptBuildPhase;
			buildActionMask = 2147483647;
			files = (
			);
			inputPaths = (
			);
			name = "[CP] Embed Pods Frameworks";
			outputPaths = (
			);
			runOnlyForDeploymentPostprocessing = 0;
			shellPath = /bin/sh;
			shellScript = "\"${SRCROOT}/Pods/Target Support Files/Pods-RipeTests/Pods-RipeTests-frameworks.sh\"\n";
			showEnvVarsInLog = 0;
		};
		A0518086AEF17382451AFAE3 /* [CP] Check Pods Manifest.lock */ = {
			isa = PBXShellScriptBuildPhase;
			buildActionMask = 2147483647;
			files = (
			);
			inputPaths = (
			);
			name = "[CP] Check Pods Manifest.lock";
			outputPaths = (
			);
			runOnlyForDeploymentPostprocessing = 0;
			shellPath = /bin/sh;
			shellScript = "diff \"${PODS_ROOT}/../Podfile.lock\" \"${PODS_ROOT}/Manifest.lock\" > /dev/null\nif [ $? != 0 ] ; then\n    # print error to STDERR\n    echo \"error: The sandbox is not in sync with the Podfile.lock. Run 'pod install' or update your CocoaPods installation.\" >&2\n    exit 1\nfi\n";
			showEnvVarsInLog = 0;
		};
		E3097A9E6062AB6D4CEAB33D /* [CP] Embed Pods Frameworks */ = {
			isa = PBXShellScriptBuildPhase;
			buildActionMask = 2147483647;
			files = (
			);
			inputPaths = (
			);
			name = "[CP] Embed Pods Frameworks";
			outputPaths = (
			);
			runOnlyForDeploymentPostprocessing = 0;
			shellPath = /bin/sh;
			shellScript = "\"${SRCROOT}/Pods/Target Support Files/Pods-RipeUITests/Pods-RipeUITests-frameworks.sh\"\n";
			showEnvVarsInLog = 0;
		};
		EE59F60DE48C63A82477ADD8 /* [CP] Copy Pods Resources */ = {
			isa = PBXShellScriptBuildPhase;
			buildActionMask = 2147483647;
			files = (
			);
			inputPaths = (
			);
			name = "[CP] Copy Pods Resources";
			outputPaths = (
			);
			runOnlyForDeploymentPostprocessing = 0;
			shellPath = /bin/sh;
			shellScript = "\"${SRCROOT}/Pods/Target Support Files/Pods-RipeTests/Pods-RipeTests-resources.sh\"\n";
			showEnvVarsInLog = 0;
		};
		F1F4435920704BB206066CC9 /* [CP] Check Pods Manifest.lock */ = {
			isa = PBXShellScriptBuildPhase;
			buildActionMask = 2147483647;
			files = (
			);
			inputPaths = (
			);
			name = "[CP] Check Pods Manifest.lock";
			outputPaths = (
			);
			runOnlyForDeploymentPostprocessing = 0;
			shellPath = /bin/sh;
			shellScript = "diff \"${PODS_ROOT}/../Podfile.lock\" \"${PODS_ROOT}/Manifest.lock\" > /dev/null\nif [ $? != 0 ] ; then\n    # print error to STDERR\n    echo \"error: The sandbox is not in sync with the Podfile.lock. Run 'pod install' or update your CocoaPods installation.\" >&2\n    exit 1\nfi\n";
			showEnvVarsInLog = 0;
		};
/* End PBXShellScriptBuildPhase section */

/* Begin PBXSourcesBuildPhase section */
		34D07BB31E74A96C00E1ABCF /* Sources */ = {
			isa = PBXSourcesBuildPhase;
			buildActionMask = 2147483647;
			files = (
				34D07BF21E74AF1E00E1ABCF /* ProductListCollectionViewController.swift in Sources */,
				189AD5CB1E752C3100088545 /* (null) in Sources */,
				414C9EB71E7547BE00F50FE8 /* ActionButton.swift in Sources */,
				189AD5C91E7519BE00088545 /* (null) in Sources */,
				34D07C011E74C29E00E1ABCF /* Extensions.swift in Sources */,
				34D07BEC1E74AEF100E1ABCF /* LoginViewController.swift in Sources */,
				34D07BFB1E74B69400E1ABCF /* ProductListCollectionViewCell.swift in Sources */,
				34D07BFE1E74B73E00E1ABCF /* CartTableViewCell.swift in Sources */,
				34D07BEF1E74AF0900E1ABCF /* CartTableViewController.swift in Sources */,
				34D07BF81E74AF4800E1ABCF /* AddToCartViewController.swift in Sources */,
				34D07BF51E74AF3700E1ABCF /* CheckoutViewController.swift in Sources */,
				34D07C111E75112D00E1ABCF /* Produce.swift in Sources */,
				34D07BBB1E74A96D00E1ABCF /* AppDelegate.swift in Sources */,
			);
			runOnlyForDeploymentPostprocessing = 0;
		};
		34D07BC71E74A96D00E1ABCF /* Sources */ = {
			isa = PBXSourcesBuildPhase;
			buildActionMask = 2147483647;
			files = (
				34D07BF31E74AF1E00E1ABCF /* ProductListCollectionViewController.swift in Sources */,
				34D07BF01E74AF0900E1ABCF /* CartTableViewController.swift in Sources */,
				34D07BF91E74AF4800E1ABCF /* AddToCartViewController.swift in Sources */,
				34D07BF61E74AF3700E1ABCF /* CheckoutViewController.swift in Sources */,
				34D07BFC1E74B69400E1ABCF /* ProductListCollectionViewCell.swift in Sources */,
				34D07BD01E74A96D00E1ABCF /* RipeTests.swift in Sources */,
				34D07C121E75112D00E1ABCF /* Produce.swift in Sources */,
				34D07BFF1E74B73E00E1ABCF /* CartTableViewCell.swift in Sources */,
			);
			runOnlyForDeploymentPostprocessing = 0;
		};
		34D07BD21E74A96D00E1ABCF /* Sources */ = {
			isa = PBXSourcesBuildPhase;
			buildActionMask = 2147483647;
			files = (
				34D07BDB1E74A96D00E1ABCF /* RipeUITests.swift in Sources */,
			);
			runOnlyForDeploymentPostprocessing = 0;
		};
/* End PBXSourcesBuildPhase section */

/* Begin PBXTargetDependency section */
		34D07BCD1E74A96D00E1ABCF /* PBXTargetDependency */ = {
			isa = PBXTargetDependency;
			target = 34D07BB61E74A96C00E1ABCF /* Ripe */;
			targetProxy = 34D07BCC1E74A96D00E1ABCF /* PBXContainerItemProxy */;
		};
		34D07BD81E74A96D00E1ABCF /* PBXTargetDependency */ = {
			isa = PBXTargetDependency;
			target = 34D07BB61E74A96C00E1ABCF /* Ripe */;
			targetProxy = 34D07BD71E74A96D00E1ABCF /* PBXContainerItemProxy */;
		};
/* End PBXTargetDependency section */

/* Begin PBXVariantGroup section */
		34D07BBE1E74A96D00E1ABCF /* Main.storyboard */ = {
			isa = PBXVariantGroup;
			children = (
				34D07BBF1E74A96D00E1ABCF /* Base */,
			);
			name = Main.storyboard;
			sourceTree = "<group>";
		};
		34D07BC31E74A96D00E1ABCF /* LaunchScreen.storyboard */ = {
			isa = PBXVariantGroup;
			children = (
				34D07BC41E74A96D00E1ABCF /* Base */,
			);
			name = LaunchScreen.storyboard;
			sourceTree = "<group>";
		};
/* End PBXVariantGroup section */

/* Begin XCBuildConfiguration section */
		34D07BDD1E74A96D00E1ABCF /* Debug */ = {
			isa = XCBuildConfiguration;
			buildSettings = {
				ALWAYS_SEARCH_USER_PATHS = NO;
				CLANG_ANALYZER_NONNULL = YES;
				CLANG_CXX_LANGUAGE_STANDARD = "gnu++0x";
				CLANG_CXX_LIBRARY = "libc++";
				CLANG_ENABLE_MODULES = YES;
				CLANG_ENABLE_OBJC_ARC = YES;
				CLANG_WARN_BOOL_CONVERSION = YES;
				CLANG_WARN_CONSTANT_CONVERSION = YES;
				CLANG_WARN_DIRECT_OBJC_ISA_USAGE = YES_ERROR;
				CLANG_WARN_DOCUMENTATION_COMMENTS = YES;
				CLANG_WARN_EMPTY_BODY = YES;
				CLANG_WARN_ENUM_CONVERSION = YES;
				CLANG_WARN_INFINITE_RECURSION = YES;
				CLANG_WARN_INT_CONVERSION = YES;
				CLANG_WARN_OBJC_ROOT_CLASS = YES_ERROR;
				CLANG_WARN_SUSPICIOUS_MOVE = YES;
				CLANG_WARN_UNREACHABLE_CODE = YES;
				CLANG_WARN__DUPLICATE_METHOD_MATCH = YES;
				"CODE_SIGN_IDENTITY[sdk=iphoneos*]" = "iPhone Developer";
				COPY_PHASE_STRIP = NO;
				DEBUG_INFORMATION_FORMAT = dwarf;
				ENABLE_STRICT_OBJC_MSGSEND = YES;
				ENABLE_TESTABILITY = YES;
				GCC_C_LANGUAGE_STANDARD = gnu99;
				GCC_DYNAMIC_NO_PIC = NO;
				GCC_NO_COMMON_BLOCKS = YES;
				GCC_OPTIMIZATION_LEVEL = 0;
				GCC_PREPROCESSOR_DEFINITIONS = (
					"DEBUG=1",
					"$(inherited)",
				);
				GCC_WARN_64_TO_32_BIT_CONVERSION = YES;
				GCC_WARN_ABOUT_RETURN_TYPE = YES_ERROR;
				GCC_WARN_UNDECLARED_SELECTOR = YES;
				GCC_WARN_UNINITIALIZED_AUTOS = YES_AGGRESSIVE;
				GCC_WARN_UNUSED_FUNCTION = YES;
				GCC_WARN_UNUSED_VARIABLE = YES;
				IPHONEOS_DEPLOYMENT_TARGET = 10.2;
				MTL_ENABLE_DEBUG_INFO = YES;
				ONLY_ACTIVE_ARCH = YES;
				SDKROOT = iphoneos;
				SWIFT_ACTIVE_COMPILATION_CONDITIONS = DEBUG;
				SWIFT_OPTIMIZATION_LEVEL = "-Onone";
			};
			name = Debug;
		};
		34D07BDE1E74A96D00E1ABCF /* Release */ = {
			isa = XCBuildConfiguration;
			buildSettings = {
				ALWAYS_SEARCH_USER_PATHS = NO;
				CLANG_ANALYZER_NONNULL = YES;
				CLANG_CXX_LANGUAGE_STANDARD = "gnu++0x";
				CLANG_CXX_LIBRARY = "libc++";
				CLANG_ENABLE_MODULES = YES;
				CLANG_ENABLE_OBJC_ARC = YES;
				CLANG_WARN_BOOL_CONVERSION = YES;
				CLANG_WARN_CONSTANT_CONVERSION = YES;
				CLANG_WARN_DIRECT_OBJC_ISA_USAGE = YES_ERROR;
				CLANG_WARN_DOCUMENTATION_COMMENTS = YES;
				CLANG_WARN_EMPTY_BODY = YES;
				CLANG_WARN_ENUM_CONVERSION = YES;
				CLANG_WARN_INFINITE_RECURSION = YES;
				CLANG_WARN_INT_CONVERSION = YES;
				CLANG_WARN_OBJC_ROOT_CLASS = YES_ERROR;
				CLANG_WARN_SUSPICIOUS_MOVE = YES;
				CLANG_WARN_UNREACHABLE_CODE = YES;
				CLANG_WARN__DUPLICATE_METHOD_MATCH = YES;
				"CODE_SIGN_IDENTITY[sdk=iphoneos*]" = "iPhone Developer";
				COPY_PHASE_STRIP = NO;
				DEBUG_INFORMATION_FORMAT = "dwarf-with-dsym";
				ENABLE_NS_ASSERTIONS = NO;
				ENABLE_STRICT_OBJC_MSGSEND = YES;
				GCC_C_LANGUAGE_STANDARD = gnu99;
				GCC_NO_COMMON_BLOCKS = YES;
				GCC_WARN_64_TO_32_BIT_CONVERSION = YES;
				GCC_WARN_ABOUT_RETURN_TYPE = YES_ERROR;
				GCC_WARN_UNDECLARED_SELECTOR = YES;
				GCC_WARN_UNINITIALIZED_AUTOS = YES_AGGRESSIVE;
				GCC_WARN_UNUSED_FUNCTION = YES;
				GCC_WARN_UNUSED_VARIABLE = YES;
				IPHONEOS_DEPLOYMENT_TARGET = 10.2;
				MTL_ENABLE_DEBUG_INFO = NO;
				SDKROOT = iphoneos;
				SWIFT_OPTIMIZATION_LEVEL = "-Owholemodule";
				VALIDATE_PRODUCT = YES;
			};
			name = Release;
		};
		34D07BE01E74A96D00E1ABCF /* Debug */ = {
			isa = XCBuildConfiguration;
			baseConfigurationReference = BE97179C335D3D83F28C6C02 /* Pods-Ripe.debug.xcconfig */;
			buildSettings = {
				ALWAYS_EMBED_SWIFT_STANDARD_LIBRARIES = YES;
				ASSETCATALOG_COMPILER_APPICON_NAME = AppIcon;
				DEVELOPMENT_TEAM = GH7595L99J;
				INFOPLIST_FILE = Ripe/Info.plist;
				LD_RUNPATH_SEARCH_PATHS = "$(inherited) @executable_path/Frameworks";
				PRODUCT_BUNDLE_IDENTIFIER = com.hackvic.Ripe;
				PRODUCT_NAME = "$(TARGET_NAME)";
				SWIFT_VERSION = 3.0;
			};
			name = Debug;
		};
		34D07BE11E74A96D00E1ABCF /* Release */ = {
			isa = XCBuildConfiguration;
			baseConfigurationReference = FB3E70F2F9F8FBA6A7E0186E /* Pods-Ripe.release.xcconfig */;
			buildSettings = {
				ALWAYS_EMBED_SWIFT_STANDARD_LIBRARIES = YES;
				ASSETCATALOG_COMPILER_APPICON_NAME = AppIcon;
				DEVELOPMENT_TEAM = GH7595L99J;
				INFOPLIST_FILE = Ripe/Info.plist;
				LD_RUNPATH_SEARCH_PATHS = "$(inherited) @executable_path/Frameworks";
				PRODUCT_BUNDLE_IDENTIFIER = com.hackvic.Ripe;
				PRODUCT_NAME = "$(TARGET_NAME)";
				SWIFT_VERSION = 3.0;
			};
			name = Release;
		};
		34D07BE31E74A96D00E1ABCF /* Debug */ = {
			isa = XCBuildConfiguration;
			baseConfigurationReference = E919298F54F163FD810F882B /* Pods-RipeTests.debug.xcconfig */;
			buildSettings = {
				ALWAYS_EMBED_SWIFT_STANDARD_LIBRARIES = NO;
				BUNDLE_LOADER = "$(TEST_HOST)";
				DEVELOPMENT_TEAM = 4626H9HMFC;
				INFOPLIST_FILE = RipeTests/Info.plist;
				LD_RUNPATH_SEARCH_PATHS = "$(inherited) @executable_path/Frameworks @loader_path/Frameworks";
				PRODUCT_BUNDLE_IDENTIFIER = com.hackvic.RipeTests;
				PRODUCT_NAME = "$(TARGET_NAME)";
				SWIFT_VERSION = 3.0;
				TEST_HOST = "$(BUILT_PRODUCTS_DIR)/Ripe.app/Ripe";
			};
			name = Debug;
		};
		34D07BE41E74A96D00E1ABCF /* Release */ = {
			isa = XCBuildConfiguration;
			baseConfigurationReference = F17B05788D58ED09E8B4F691 /* Pods-RipeTests.release.xcconfig */;
			buildSettings = {
				ALWAYS_EMBED_SWIFT_STANDARD_LIBRARIES = NO;
				BUNDLE_LOADER = "$(TEST_HOST)";
				DEVELOPMENT_TEAM = 4626H9HMFC;
				INFOPLIST_FILE = RipeTests/Info.plist;
				LD_RUNPATH_SEARCH_PATHS = "$(inherited) @executable_path/Frameworks @loader_path/Frameworks";
				PRODUCT_BUNDLE_IDENTIFIER = com.hackvic.RipeTests;
				PRODUCT_NAME = "$(TARGET_NAME)";
				SWIFT_VERSION = 3.0;
				TEST_HOST = "$(BUILT_PRODUCTS_DIR)/Ripe.app/Ripe";
			};
			name = Release;
		};
		34D07BE61E74A96D00E1ABCF /* Debug */ = {
			isa = XCBuildConfiguration;
			baseConfigurationReference = F5F368339A70123DD44A6752 /* Pods-RipeUITests.debug.xcconfig */;
			buildSettings = {
				ALWAYS_EMBED_SWIFT_STANDARD_LIBRARIES = NO;
				DEVELOPMENT_TEAM = 4626H9HMFC;
				INFOPLIST_FILE = RipeUITests/Info.plist;
				LD_RUNPATH_SEARCH_PATHS = "$(inherited) @executable_path/Frameworks @loader_path/Frameworks";
				PRODUCT_BUNDLE_IDENTIFIER = com.hackvic.RipeUITests;
				PRODUCT_NAME = "$(TARGET_NAME)";
				SWIFT_VERSION = 3.0;
				TEST_TARGET_NAME = Ripe;
			};
			name = Debug;
		};
		34D07BE71E74A96D00E1ABCF /* Release */ = {
			isa = XCBuildConfiguration;
			baseConfigurationReference = 5A1E854F3AA4CE9FAC42D99E /* Pods-RipeUITests.release.xcconfig */;
			buildSettings = {
				ALWAYS_EMBED_SWIFT_STANDARD_LIBRARIES = NO;
				DEVELOPMENT_TEAM = 4626H9HMFC;
				INFOPLIST_FILE = RipeUITests/Info.plist;
				LD_RUNPATH_SEARCH_PATHS = "$(inherited) @executable_path/Frameworks @loader_path/Frameworks";
				PRODUCT_BUNDLE_IDENTIFIER = com.hackvic.RipeUITests;
				PRODUCT_NAME = "$(TARGET_NAME)";
				SWIFT_VERSION = 3.0;
				TEST_TARGET_NAME = Ripe;
			};
			name = Release;
		};
/* End XCBuildConfiguration section */

/* Begin XCConfigurationList section */
		34D07BB21E74A96C00E1ABCF /* Build configuration list for PBXProject "Ripe" */ = {
			isa = XCConfigurationList;
			buildConfigurations = (
				34D07BDD1E74A96D00E1ABCF /* Debug */,
				34D07BDE1E74A96D00E1ABCF /* Release */,
			);
			defaultConfigurationIsVisible = 0;
			defaultConfigurationName = Release;
		};
		34D07BDF1E74A96D00E1ABCF /* Build configuration list for PBXNativeTarget "Ripe" */ = {
			isa = XCConfigurationList;
			buildConfigurations = (
				34D07BE01E74A96D00E1ABCF /* Debug */,
				34D07BE11E74A96D00E1ABCF /* Release */,
			);
			defaultConfigurationIsVisible = 0;
			defaultConfigurationName = Release;
		};
		34D07BE21E74A96D00E1ABCF /* Build configuration list for PBXNativeTarget "RipeTests" */ = {
			isa = XCConfigurationList;
			buildConfigurations = (
				34D07BE31E74A96D00E1ABCF /* Debug */,
				34D07BE41E74A96D00E1ABCF /* Release */,
			);
			defaultConfigurationIsVisible = 0;
			defaultConfigurationName = Release;
		};
		34D07BE51E74A96D00E1ABCF /* Build configuration list for PBXNativeTarget "RipeUITests" */ = {
			isa = XCConfigurationList;
			buildConfigurations = (
				34D07BE61E74A96D00E1ABCF /* Debug */,
				34D07BE71E74A96D00E1ABCF /* Release */,
			);
			defaultConfigurationIsVisible = 0;
			defaultConfigurationName = Release;
		};
/* End XCConfigurationList section */
	};
	rootObject = 34D07BAF1E74A96C00E1ABCF /* Project object */;
}
