// !$*UTF8*$!
{
	archiveVersion = 1;
	classes = {
	};
	objectVersion = 46;
	objects = {

/* Begin PBXBuildFile section */
		34EB365D1E74A7C60044C4C3 /* AppDelegate.swift in Sources */ = {isa = PBXBuildFile; fileRef = 34EB365C1E74A7C60044C4C3 /* AppDelegate.swift */; };
		34EB365F1E74A7C60044C4C3 /* RootViewController.swift in Sources */ = {isa = PBXBuildFile; fileRef = 34EB365E1E74A7C60044C4C3 /* RootViewController.swift */; };
		34EB36611E74A7C60044C4C3 /* DataViewController.swift in Sources */ = {isa = PBXBuildFile; fileRef = 34EB36601E74A7C60044C4C3 /* DataViewController.swift */; };
		34EB36631E74A7C60044C4C3 /* ModelController.swift in Sources */ = {isa = PBXBuildFile; fileRef = 34EB36621E74A7C60044C4C3 /* ModelController.swift */; };
		34EB36661E74A7C60044C4C3 /* Main.storyboard in Resources */ = {isa = PBXBuildFile; fileRef = 34EB36641E74A7C60044C4C3 /* Main.storyboard */; };
		34EB36681E74A7C60044C4C3 /* Assets.xcassets in Resources */ = {isa = PBXBuildFile; fileRef = 34EB36671E74A7C60044C4C3 /* Assets.xcassets */; };
		34EB366B1E74A7C60044C4C3 /* LaunchScreen.storyboard in Resources */ = {isa = PBXBuildFile; fileRef = 34EB36691E74A7C60044C4C3 /* LaunchScreen.storyboard */; };
		34EB36761E74A7C60044C4C3 /* RipeTests.swift in Sources */ = {isa = PBXBuildFile; fileRef = 34EB36751E74A7C60044C4C3 /* RipeTests.swift */; };
		34EB36811E74A7C60044C4C3 /* RipeUITests.swift in Sources */ = {isa = PBXBuildFile; fileRef = 34EB36801E74A7C60044C4C3 /* RipeUITests.swift */; };
/* End PBXBuildFile section */

/* Begin PBXContainerItemProxy section */
		34EB36721E74A7C60044C4C3 /* PBXContainerItemProxy */ = {
			isa = PBXContainerItemProxy;
			containerPortal = 34EB36511E74A7C60044C4C3 /* Project object */;
			proxyType = 1;
			remoteGlobalIDString = 34EB36581E74A7C60044C4C3;
			remoteInfo = Ripe;
		};
		34EB367D1E74A7C60044C4C3 /* PBXContainerItemProxy */ = {
			isa = PBXContainerItemProxy;
			containerPortal = 34EB36511E74A7C60044C4C3 /* Project object */;
			proxyType = 1;
			remoteGlobalIDString = 34EB36581E74A7C60044C4C3;
			remoteInfo = Ripe;
		};
/* End PBXContainerItemProxy section */

/* Begin PBXFileReference section */
		34EB36591E74A7C60044C4C3 /* Ripe.app */ = {isa = PBXFileReference; explicitFileType = wrapper.application; includeInIndex = 0; path = Ripe.app; sourceTree = BUILT_PRODUCTS_DIR; };
		34EB365C1E74A7C60044C4C3 /* AppDelegate.swift */ = {isa = PBXFileReference; lastKnownFileType = sourcecode.swift; path = AppDelegate.swift; sourceTree = "<group>"; };
		34EB365E1E74A7C60044C4C3 /* RootViewController.swift */ = {isa = PBXFileReference; lastKnownFileType = sourcecode.swift; path = RootViewController.swift; sourceTree = "<group>"; };
		34EB36601E74A7C60044C4C3 /* DataViewController.swift */ = {isa = PBXFileReference; lastKnownFileType = sourcecode.swift; path = DataViewController.swift; sourceTree = "<group>"; };
		34EB36621E74A7C60044C4C3 /* ModelController.swift */ = {isa = PBXFileReference; lastKnownFileType = sourcecode.swift; path = ModelController.swift; sourceTree = "<group>"; };
		34EB36651E74A7C60044C4C3 /* Base */ = {isa = PBXFileReference; lastKnownFileType = file.storyboard; name = Base; path = Base.lproj/Main.storyboard; sourceTree = "<group>"; };
		34EB36671E74A7C60044C4C3 /* Assets.xcassets */ = {isa = PBXFileReference; lastKnownFileType = folder.assetcatalog; path = Assets.xcassets; sourceTree = "<group>"; };
		34EB366A1E74A7C60044C4C3 /* Base */ = {isa = PBXFileReference; lastKnownFileType = file.storyboard; name = Base; path = Base.lproj/LaunchScreen.storyboard; sourceTree = "<group>"; };
		34EB366C1E74A7C60044C4C3 /* Info.plist */ = {isa = PBXFileReference; lastKnownFileType = text.plist.xml; path = Info.plist; sourceTree = "<group>"; };
		34EB36711E74A7C60044C4C3 /* RipeTests.xctest */ = {isa = PBXFileReference; explicitFileType = wrapper.cfbundle; includeInIndex = 0; path = RipeTests.xctest; sourceTree = BUILT_PRODUCTS_DIR; };
		34EB36751E74A7C60044C4C3 /* RipeTests.swift */ = {isa = PBXFileReference; lastKnownFileType = sourcecode.swift; path = RipeTests.swift; sourceTree = "<group>"; };
		34EB36771E74A7C60044C4C3 /* Info.plist */ = {isa = PBXFileReference; lastKnownFileType = text.plist.xml; path = Info.plist; sourceTree = "<group>"; };
		34EB367C1E74A7C60044C4C3 /* RipeUITests.xctest */ = {isa = PBXFileReference; explicitFileType = wrapper.cfbundle; includeInIndex = 0; path = RipeUITests.xctest; sourceTree = BUILT_PRODUCTS_DIR; };
		34EB36801E74A7C60044C4C3 /* RipeUITests.swift */ = {isa = PBXFileReference; lastKnownFileType = sourcecode.swift; path = RipeUITests.swift; sourceTree = "<group>"; };
		34EB36821E74A7C60044C4C3 /* Info.plist */ = {isa = PBXFileReference; lastKnownFileType = text.plist.xml; path = Info.plist; sourceTree = "<group>"; };
/* End PBXFileReference section */

/* Begin PBXFrameworksBuildPhase section */
		34EB36561E74A7C60044C4C3 /* Frameworks */ = {
			isa = PBXFrameworksBuildPhase;
			buildActionMask = 2147483647;
			files = (
			);
			runOnlyForDeploymentPostprocessing = 0;
		};
		34EB366E1E74A7C60044C4C3 /* Frameworks */ = {
			isa = PBXFrameworksBuildPhase;
			buildActionMask = 2147483647;
			files = (
			);
			runOnlyForDeploymentPostprocessing = 0;
		};
		34EB36791E74A7C60044C4C3 /* Frameworks */ = {
			isa = PBXFrameworksBuildPhase;
			buildActionMask = 2147483647;
			files = (
			);
			runOnlyForDeploymentPostprocessing = 0;
		};
/* End PBXFrameworksBuildPhase section */

/* Begin PBXGroup section */
		34EB36501E74A7C60044C4C3 = {
			isa = PBXGroup;
			children = (
				34EB365B1E74A7C60044C4C3 /* Ripe */,
				34EB36741E74A7C60044C4C3 /* RipeTests */,
				34EB367F1E74A7C60044C4C3 /* RipeUITests */,
				34EB365A1E74A7C60044C4C3 /* Products */,
			);
			sourceTree = "<group>";
		};
		34EB365A1E74A7C60044C4C3 /* Products */ = {
			isa = PBXGroup;
			children = (
				34EB36591E74A7C60044C4C3 /* Ripe.app */,
				34EB36711E74A7C60044C4C3 /* RipeTests.xctest */,
				34EB367C1E74A7C60044C4C3 /* RipeUITests.xctest */,
			);
			name = Products;
			sourceTree = "<group>";
		};
		34EB365B1E74A7C60044C4C3 /* Ripe */ = {
			isa = PBXGroup;
			children = (
				34EB365C1E74A7C60044C4C3 /* AppDelegate.swift */,
				34EB365E1E74A7C60044C4C3 /* RootViewController.swift */,
				34EB36601E74A7C60044C4C3 /* DataViewController.swift */,
				34EB36621E74A7C60044C4C3 /* ModelController.swift */,
				34EB36641E74A7C60044C4C3 /* Main.storyboard */,
				34EB36671E74A7C60044C4C3 /* Assets.xcassets */,
				34EB36691E74A7C60044C4C3 /* LaunchScreen.storyboard */,
				34EB366C1E74A7C60044C4C3 /* Info.plist */,
			);
			path = Ripe;
			sourceTree = "<group>";
		};
		34EB36741E74A7C60044C4C3 /* RipeTests */ = {
			isa = PBXGroup;
			children = (
				34EB36751E74A7C60044C4C3 /* RipeTests.swift */,
				34EB36771E74A7C60044C4C3 /* Info.plist */,
			);
			path = RipeTests;
			sourceTree = "<group>";
		};
		34EB367F1E74A7C60044C4C3 /* RipeUITests */ = {
			isa = PBXGroup;
			children = (
				34EB36801E74A7C60044C4C3 /* RipeUITests.swift */,
				34EB36821E74A7C60044C4C3 /* Info.plist */,
			);
			path = RipeUITests;
			sourceTree = "<group>";
		};
/* End PBXGroup section */

/* Begin PBXNativeTarget section */
		34EB36581E74A7C60044C4C3 /* Ripe */ = {
			isa = PBXNativeTarget;
			buildConfigurationList = 34EB36851E74A7C60044C4C3 /* Build configuration list for PBXNativeTarget "Ripe" */;
			buildPhases = (
				34EB36551E74A7C60044C4C3 /* Sources */,
				34EB36561E74A7C60044C4C3 /* Frameworks */,
				34EB36571E74A7C60044C4C3 /* Resources */,
			);
			buildRules = (
			);
			dependencies = (
			);
			name = Ripe;
			productName = Ripe;
			productReference = 34EB36591E74A7C60044C4C3 /* Ripe.app */;
			productType = "com.apple.product-type.application";
		};
		34EB36701E74A7C60044C4C3 /* RipeTests */ = {
			isa = PBXNativeTarget;
			buildConfigurationList = 34EB36881E74A7C60044C4C3 /* Build configuration list for PBXNativeTarget "RipeTests" */;
			buildPhases = (
				34EB366D1E74A7C60044C4C3 /* Sources */,
				34EB366E1E74A7C60044C4C3 /* Frameworks */,
				34EB366F1E74A7C60044C4C3 /* Resources */,
			);
			buildRules = (
			);
			dependencies = (
				34EB36731E74A7C60044C4C3 /* PBXTargetDependency */,
			);
			name = RipeTests;
			productName = RipeTests;
			productReference = 34EB36711E74A7C60044C4C3 /* RipeTests.xctest */;
			productType = "com.apple.product-type.bundle.unit-test";
		};
		34EB367B1E74A7C60044C4C3 /* RipeUITests */ = {
			isa = PBXNativeTarget;
			buildConfigurationList = 34EB368B1E74A7C60044C4C3 /* Build configuration list for PBXNativeTarget "RipeUITests" */;
			buildPhases = (
				34EB36781E74A7C60044C4C3 /* Sources */,
				34EB36791E74A7C60044C4C3 /* Frameworks */,
				34EB367A1E74A7C60044C4C3 /* Resources */,
			);
			buildRules = (
			);
			dependencies = (
				34EB367E1E74A7C60044C4C3 /* PBXTargetDependency */,
			);
			name = RipeUITests;
			productName = RipeUITests;
			productReference = 34EB367C1E74A7C60044C4C3 /* RipeUITests.xctest */;
			productType = "com.apple.product-type.bundle.ui-testing";
		};
/* End PBXNativeTarget section */

/* Begin PBXProject section */
		34EB36511E74A7C60044C4C3 /* Project object */ = {
			isa = PBXProject;
			attributes = {
				LastSwiftUpdateCheck = 0820;
				LastUpgradeCheck = 0820;
				ORGANIZATIONNAME = "Matthew Paletta";
				TargetAttributes = {
					34EB36581E74A7C60044C4C3 = {
						CreatedOnToolsVersion = 8.2.1;
						DevelopmentTeam = 4626H9HMFC;
						ProvisioningStyle = Automatic;
					};
					34EB36701E74A7C60044C4C3 = {
						CreatedOnToolsVersion = 8.2.1;
						DevelopmentTeam = 4626H9HMFC;
						ProvisioningStyle = Automatic;
						TestTargetID = 34EB36581E74A7C60044C4C3;
					};
					34EB367B1E74A7C60044C4C3 = {
						CreatedOnToolsVersion = 8.2.1;
						DevelopmentTeam = 4626H9HMFC;
						ProvisioningStyle = Automatic;
						TestTargetID = 34EB36581E74A7C60044C4C3;
					};
				};
			};
			buildConfigurationList = 34EB36541E74A7C60044C4C3 /* Build configuration list for PBXProject "Ripe" */;
			compatibilityVersion = "Xcode 3.2";
			developmentRegion = English;
			hasScannedForEncodings = 0;
			knownRegions = (
				en,
				Base,
			);
			mainGroup = 34EB36501E74A7C60044C4C3;
			productRefGroup = 34EB365A1E74A7C60044C4C3 /* Products */;
			projectDirPath = "";
			projectRoot = "";
			targets = (
				34EB36581E74A7C60044C4C3 /* Ripe */,
				34EB36701E74A7C60044C4C3 /* RipeTests */,
				34EB367B1E74A7C60044C4C3 /* RipeUITests */,
			);
		};
/* End PBXProject section */

/* Begin PBXResourcesBuildPhase section */
		34EB36571E74A7C60044C4C3 /* Resources */ = {
			isa = PBXResourcesBuildPhase;
			buildActionMask = 2147483647;
			files = (
				34EB366B1E74A7C60044C4C3 /* LaunchScreen.storyboard in Resources */,
				34EB36681E74A7C60044C4C3 /* Assets.xcassets in Resources */,
				34EB36661E74A7C60044C4C3 /* Main.storyboard in Resources */,
			);
			runOnlyForDeploymentPostprocessing = 0;
		};
		34EB366F1E74A7C60044C4C3 /* Resources */ = {
			isa = PBXResourcesBuildPhase;
			buildActionMask = 2147483647;
			files = (
			);
			runOnlyForDeploymentPostprocessing = 0;
		};
		34EB367A1E74A7C60044C4C3 /* Resources */ = {
			isa = PBXResourcesBuildPhase;
			buildActionMask = 2147483647;
			files = (
			);
			runOnlyForDeploymentPostprocessing = 0;
		};
/* End PBXResourcesBuildPhase section */

/* Begin PBXSourcesBuildPhase section */
		34EB36551E74A7C60044C4C3 /* Sources */ = {
			isa = PBXSourcesBuildPhase;
			buildActionMask = 2147483647;
			files = (
				34EB365F1E74A7C60044C4C3 /* RootViewController.swift in Sources */,
				34EB36631E74A7C60044C4C3 /* ModelController.swift in Sources */,
				34EB36611E74A7C60044C4C3 /* DataViewController.swift in Sources */,
				34EB365D1E74A7C60044C4C3 /* AppDelegate.swift in Sources */,
			);
			runOnlyForDeploymentPostprocessing = 0;
		};
		34EB366D1E74A7C60044C4C3 /* Sources */ = {
			isa = PBXSourcesBuildPhase;
			buildActionMask = 2147483647;
			files = (
				34EB36761E74A7C60044C4C3 /* RipeTests.swift in Sources */,
			);
			runOnlyForDeploymentPostprocessing = 0;
		};
		34EB36781E74A7C60044C4C3 /* Sources */ = {
			isa = PBXSourcesBuildPhase;
			buildActionMask = 2147483647;
			files = (
				34EB36811E74A7C60044C4C3 /* RipeUITests.swift in Sources */,
			);
			runOnlyForDeploymentPostprocessing = 0;
		};
/* End PBXSourcesBuildPhase section */

/* Begin PBXTargetDependency section */
		34EB36731E74A7C60044C4C3 /* PBXTargetDependency */ = {
			isa = PBXTargetDependency;
			target = 34EB36581E74A7C60044C4C3 /* Ripe */;
			targetProxy = 34EB36721E74A7C60044C4C3 /* PBXContainerItemProxy */;
		};
		34EB367E1E74A7C60044C4C3 /* PBXTargetDependency */ = {
			isa = PBXTargetDependency;
			target = 34EB36581E74A7C60044C4C3 /* Ripe */;
			targetProxy = 34EB367D1E74A7C60044C4C3 /* PBXContainerItemProxy */;
		};
/* End PBXTargetDependency section */

/* Begin PBXVariantGroup section */
		34EB36641E74A7C60044C4C3 /* Main.storyboard */ = {
			isa = PBXVariantGroup;
			children = (
				34EB36651E74A7C60044C4C3 /* Base */,
			);
			name = Main.storyboard;
			sourceTree = "<group>";
		};
		34EB36691E74A7C60044C4C3 /* LaunchScreen.storyboard */ = {
			isa = PBXVariantGroup;
			children = (
				34EB366A1E74A7C60044C4C3 /* Base */,
			);
			name = LaunchScreen.storyboard;
			sourceTree = "<group>";
		};
/* End PBXVariantGroup section */

/* Begin XCBuildConfiguration section */
		34EB36831E74A7C60044C4C3 /* Debug */ = {
			isa = XCBuildConfiguration;
			buildSettings = {
				ALWAYS_SEARCH_USER_PATHS = NO;
				CLANG_ANALYZER_NONNULL = YES;
				CLANG_CXX_LANGUAGE_STANDARD = "gnu++0x";
				CLANG_CXX_LIBRARY = "libc++";
				CLANG_ENABLE_MODULES = YES;
				CLANG_ENABLE_OBJC_ARC = YES;
				CLANG_WARN_BOOL_CONVERSION = YES;
				CLANG_WARN_CONSTANT_CONVERSION = YES;
				CLANG_WARN_DIRECT_OBJC_ISA_USAGE = YES_ERROR;
				CLANG_WARN_DOCUMENTATION_COMMENTS = YES;
				CLANG_WARN_EMPTY_BODY = YES;
				CLANG_WARN_ENUM_CONVERSION = YES;
				CLANG_WARN_INFINITE_RECURSION = YES;
				CLANG_WARN_INT_CONVERSION = YES;
				CLANG_WARN_OBJC_ROOT_CLASS = YES_ERROR;
				CLANG_WARN_SUSPICIOUS_MOVE = YES;
				CLANG_WARN_UNREACHABLE_CODE = YES;
				CLANG_WARN__DUPLICATE_METHOD_MATCH = YES;
				"CODE_SIGN_IDENTITY[sdk=iphoneos*]" = "iPhone Developer";
				COPY_PHASE_STRIP = NO;
				DEBUG_INFORMATION_FORMAT = dwarf;
				ENABLE_STRICT_OBJC_MSGSEND = YES;
				ENABLE_TESTABILITY = YES;
				GCC_C_LANGUAGE_STANDARD = gnu99;
				GCC_DYNAMIC_NO_PIC = NO;
				GCC_NO_COMMON_BLOCKS = YES;
				GCC_OPTIMIZATION_LEVEL = 0;
				GCC_PREPROCESSOR_DEFINITIONS = (
					"DEBUG=1",
					"$(inherited)",
				);
				GCC_WARN_64_TO_32_BIT_CONVERSION = YES;
				GCC_WARN_ABOUT_RETURN_TYPE = YES_ERROR;
				GCC_WARN_UNDECLARED_SELECTOR = YES;
				GCC_WARN_UNINITIALIZED_AUTOS = YES_AGGRESSIVE;
				GCC_WARN_UNUSED_FUNCTION = YES;
				GCC_WARN_UNUSED_VARIABLE = YES;
				IPHONEOS_DEPLOYMENT_TARGET = 10.2;
				MTL_ENABLE_DEBUG_INFO = YES;
				ONLY_ACTIVE_ARCH = YES;
				SDKROOT = iphoneos;
				SWIFT_ACTIVE_COMPILATION_CONDITIONS = DEBUG;
				SWIFT_OPTIMIZATION_LEVEL = "-Onone";
			};
			name = Debug;
		};
		34EB36841E74A7C60044C4C3 /* Release */ = {
			isa = XCBuildConfiguration;
			buildSettings = {
				ALWAYS_SEARCH_USER_PATHS = NO;
				CLANG_ANALYZER_NONNULL = YES;
				CLANG_CXX_LANGUAGE_STANDARD = "gnu++0x";
				CLANG_CXX_LIBRARY = "libc++";
				CLANG_ENABLE_MODULES = YES;
				CLANG_ENABLE_OBJC_ARC = YES;
				CLANG_WARN_BOOL_CONVERSION = YES;
				CLANG_WARN_CONSTANT_CONVERSION = YES;
				CLANG_WARN_DIRECT_OBJC_ISA_USAGE = YES_ERROR;
				CLANG_WARN_DOCUMENTATION_COMMENTS = YES;
				CLANG_WARN_EMPTY_BODY = YES;
				CLANG_WARN_ENUM_CONVERSION = YES;
				CLANG_WARN_INFINITE_RECURSION = YES;
				CLANG_WARN_INT_CONVERSION = YES;
				CLANG_WARN_OBJC_ROOT_CLASS = YES_ERROR;
				CLANG_WARN_SUSPICIOUS_MOVE = YES;
				CLANG_WARN_UNREACHABLE_CODE = YES;
				CLANG_WARN__DUPLICATE_METHOD_MATCH = YES;
				"CODE_SIGN_IDENTITY[sdk=iphoneos*]" = "iPhone Developer";
				COPY_PHASE_STRIP = NO;
				DEBUG_INFORMATION_FORMAT = "dwarf-with-dsym";
				ENABLE_NS_ASSERTIONS = NO;
				ENABLE_STRICT_OBJC_MSGSEND = YES;
				GCC_C_LANGUAGE_STANDARD = gnu99;
				GCC_NO_COMMON_BLOCKS = YES;
				GCC_WARN_64_TO_32_BIT_CONVERSION = YES;
				GCC_WARN_ABOUT_RETURN_TYPE = YES_ERROR;
				GCC_WARN_UNDECLARED_SELECTOR = YES;
				GCC_WARN_UNINITIALIZED_AUTOS = YES_AGGRESSIVE;
				GCC_WARN_UNUSED_FUNCTION = YES;
				GCC_WARN_UNUSED_VARIABLE = YES;
				IPHONEOS_DEPLOYMENT_TARGET = 10.2;
				MTL_ENABLE_DEBUG_INFO = NO;
				SDKROOT = iphoneos;
				SWIFT_OPTIMIZATION_LEVEL = "-Owholemodule";
				VALIDATE_PRODUCT = YES;
			};
			name = Release;
		};
		34EB36861E74A7C60044C4C3 /* Debug */ = {
			isa = XCBuildConfiguration;
			buildSettings = {
				ASSETCATALOG_COMPILER_APPICON_NAME = AppIcon;
				DEVELOPMENT_TEAM = 4626H9HMFC;
				INFOPLIST_FILE = Ripe/Info.plist;
				LD_RUNPATH_SEARCH_PATHS = "$(inherited) @executable_path/Frameworks";
				PRODUCT_BUNDLE_IDENTIFIER = com.paletta.Ripe;
				PRODUCT_NAME = "$(TARGET_NAME)";
				SWIFT_VERSION = 3.0;
			};
			name = Debug;
		};
		34EB36871E74A7C60044C4C3 /* Release */ = {
			isa = XCBuildConfiguration;
			buildSettings = {
				ASSETCATALOG_COMPILER_APPICON_NAME = AppIcon;
				DEVELOPMENT_TEAM = 4626H9HMFC;
				INFOPLIST_FILE = Ripe/Info.plist;
				LD_RUNPATH_SEARCH_PATHS = "$(inherited) @executable_path/Frameworks";
				PRODUCT_BUNDLE_IDENTIFIER = com.paletta.Ripe;
				PRODUCT_NAME = "$(TARGET_NAME)";
				SWIFT_VERSION = 3.0;
			};
			name = Release;
		};
		34EB36891E74A7C60044C4C3 /* Debug */ = {
			isa = XCBuildConfiguration;
			buildSettings = {
				ALWAYS_EMBED_SWIFT_STANDARD_LIBRARIES = YES;
				BUNDLE_LOADER = "$(TEST_HOST)";
				DEVELOPMENT_TEAM = 4626H9HMFC;
				INFOPLIST_FILE = RipeTests/Info.plist;
				LD_RUNPATH_SEARCH_PATHS = "$(inherited) @executable_path/Frameworks @loader_path/Frameworks";
				PRODUCT_BUNDLE_IDENTIFIER = com.paletta.RipeTests;
				PRODUCT_NAME = "$(TARGET_NAME)";
				SWIFT_VERSION = 3.0;
				TEST_HOST = "$(BUILT_PRODUCTS_DIR)/Ripe.app/Ripe";
			};
			name = Debug;
		};
		34EB368A1E74A7C60044C4C3 /* Release */ = {
			isa = XCBuildConfiguration;
			buildSettings = {
				ALWAYS_EMBED_SWIFT_STANDARD_LIBRARIES = YES;
				BUNDLE_LOADER = "$(TEST_HOST)";
				DEVELOPMENT_TEAM = 4626H9HMFC;
				INFOPLIST_FILE = RipeTests/Info.plist;
				LD_RUNPATH_SEARCH_PATHS = "$(inherited) @executable_path/Frameworks @loader_path/Frameworks";
				PRODUCT_BUNDLE_IDENTIFIER = com.paletta.RipeTests;
				PRODUCT_NAME = "$(TARGET_NAME)";
				SWIFT_VERSION = 3.0;
				TEST_HOST = "$(BUILT_PRODUCTS_DIR)/Ripe.app/Ripe";
			};
			name = Release;
		};
		34EB368C1E74A7C60044C4C3 /* Debug */ = {
			isa = XCBuildConfiguration;
			buildSettings = {
				ALWAYS_EMBED_SWIFT_STANDARD_LIBRARIES = YES;
				DEVELOPMENT_TEAM = 4626H9HMFC;
				INFOPLIST_FILE = RipeUITests/Info.plist;
				LD_RUNPATH_SEARCH_PATHS = "$(inherited) @executable_path/Frameworks @loader_path/Frameworks";
				PRODUCT_BUNDLE_IDENTIFIER = com.paletta.RipeUITests;
				PRODUCT_NAME = "$(TARGET_NAME)";
				SWIFT_VERSION = 3.0;
				TEST_TARGET_NAME = Ripe;
			};
			name = Debug;
		};
		34EB368D1E74A7C60044C4C3 /* Release */ = {
			isa = XCBuildConfiguration;
			buildSettings = {
				ALWAYS_EMBED_SWIFT_STANDARD_LIBRARIES = YES;
				DEVELOPMENT_TEAM = 4626H9HMFC;
				INFOPLIST_FILE = RipeUITests/Info.plist;
				LD_RUNPATH_SEARCH_PATHS = "$(inherited) @executable_path/Frameworks @loader_path/Frameworks";
				PRODUCT_BUNDLE_IDENTIFIER = com.paletta.RipeUITests;
				PRODUCT_NAME = "$(TARGET_NAME)";
				SWIFT_VERSION = 3.0;
				TEST_TARGET_NAME = Ripe;
			};
			name = Release;
		};
/* End XCBuildConfiguration section */

/* Begin XCConfigurationList section */
		34EB36541E74A7C60044C4C3 /* Build configuration list for PBXProject "Ripe" */ = {
			isa = XCConfigurationList;
			buildConfigurations = (
				34EB36831E74A7C60044C4C3 /* Debug */,
				34EB36841E74A7C60044C4C3 /* Release */,
			);
			defaultConfigurationIsVisible = 0;
			defaultConfigurationName = Release;
		};
		34EB36851E74A7C60044C4C3 /* Build configuration list for PBXNativeTarget "Ripe" */ = {
			isa = XCConfigurationList;
			buildConfigurations = (
				34EB36861E74A7C60044C4C3 /* Debug */,
				34EB36871E74A7C60044C4C3 /* Release */,
			);
			defaultConfigurationIsVisible = 0;
		};
		34EB36881E74A7C60044C4C3 /* Build configuration list for PBXNativeTarget "RipeTests" */ = {
			isa = XCConfigurationList;
			buildConfigurations = (
				34EB36891E74A7C60044C4C3 /* Debug */,
				34EB368A1E74A7C60044C4C3 /* Release */,
			);
			defaultConfigurationIsVisible = 0;
		};
		34EB368B1E74A7C60044C4C3 /* Build configuration list for PBXNativeTarget "RipeUITests" */ = {
			isa = XCConfigurationList;
			buildConfigurations = (
				34EB368C1E74A7C60044C4C3 /* Debug */,
				34EB368D1E74A7C60044C4C3 /* Release */,
			);
			defaultConfigurationIsVisible = 0;
		};
/* End XCConfigurationList section */
	};
	rootObject = 34EB36511E74A7C60044C4C3 /* Project object */;
}
